
Microsoft Visual Studio Solution File, Format Version 12.00
# Visual Studio Version 16
VisualStudioVersion = 16.0.30413.136
MinimumVisualStudioVersion = 10.0.40219.1
Project("{8BC9CEB8-8B4A-11D0-8D11-00A0C91BC942}") = "Among Us", "Among Us.vcxproj", "{DF4F10C5-4949-4201-901C-D315E131491F}"
EndProject
Project("{8BC9CEB8-8B4A-11D0-8D11-00A0C91BC942}") = "Among Us Haxx", "..\Among Us Haxx\Among Us Haxx.vcxproj", "{84FCE71D-0A58-47A9-8B31-6B04387EB7A8}"
EndProject
Global
	GlobalSection(SolutionConfigurationPlatforms) = preSolution
		Debug|x64 = Debug|x64
		Debug|x86 = Debug|x86
		Release|x64 = Release|x64
		Release|x86 = Release|x86
	EndGlobalSection
	GlobalSection(ProjectConfigurationPlatforms) = postSolution
		{DF4F10C5-4949-4201-901C-D315E131491F}.Debug|x64.ActiveCfg = Debug|x64
		{DF4F10C5-4949-4201-901C-D315E131491F}.Debug|x64.Build.0 = Debug|x64
		{DF4F10C5-4949-4201-901C-D315E131491F}.Debug|x86.ActiveCfg = Debug|Win32
		{DF4F10C5-4949-4201-901C-D315E131491F}.Debug|x86.Build.0 = Debug|Win32
		{DF4F10C5-4949-4201-901C-D315E131491F}.Release|x64.ActiveCfg = Release|x64
		{DF4F10C5-4949-4201-901C-D315E131491F}.Release|x64.Build.0 = Release|x64
		{DF4F10C5-4949-4201-901C-D315E131491F}.Release|x86.ActiveCfg = Release|Win32
		{DF4F10C5-4949-4201-901C-D315E131491F}.Release|x86.Build.0 = Release|Win32
		{84FCE71D-0A58-47A9-8B31-6B04387EB7A8}.Debug|x64.ActiveCfg = Debug|x64
		{84FCE71D-0A58-47A9-8B31-6B04387EB7A8}.Debug|x64.Build.0 = Debug|x64
		{84FCE71D-0A58-47A9-8B31-6B04387EB7A8}.Debug|x86.ActiveCfg = Debug|Win32
		{84FCE71D-0A58-47A9-8B31-6B04387EB7A8}.Debug|x86.Build.0 = Debug|Win32
		{84FCE71D-0A58-47A9-8B31-6B04387EB7A8}.Release|x64.ActiveCfg = Release|x64
		{84FCE71D-0A58-47A9-8B31-6B04387EB7A8}.Release|x64.Build.0 = Release|x64
		{84FCE71D-0A58-47A9-8B31-6B04387EB7A8}.Release|x86.ActiveCfg = Release|Win32
		{84FCE71D-0A58-47A9-8B31-6B04387EB7A8}.Release|x86.Build.0 = Release|Win32
	EndGlobalSection
	GlobalSection(SolutionProperties) = preSolution
		HideSolutionNode = FALSE
	EndGlobalSection
	GlobalSection(ExtensibilityGlobals) = postSolution
		SolutionGuid = {40AAB01A-9D49-4F44-A4B6-08AD26B2782C}
	EndGlobalSection
EndGlobal
